{
  "version": "5",
  "specifiers": {
    "jsr:@std/assert@*": "1.0.14",
    "jsr:@std/assert@1": "1.0.14",
    "jsr:@std/internal@^1.0.10": "1.0.10",
    "npm:@fontsource/fira-mono@5": "5.2.6",
    "npm:@tauri-apps/api@2": "2.8.0",
    "npm:@tauri-apps/cli@2": "2.8.1",
    "npm:@tauri-apps/plugin-dialog@^2.2.0": "2.3.3",
    "npm:@tauri-apps/plugin-opener@2": "2.5.0",
    "npm:@tauri-apps/plugin-os@^2.2.1": "2.3.1",
    "npm:@tauri-apps/plugin-shell@^2.2.0": "2.3.0",
    "npm:@types/chrome@~0.1.1": "0.1.4",
    "npm:@types/chrome@~0.1.4": "0.1.4",
    "npm:hono@^4.6.10": "4.9.4",
    "npm:husky@^9.1.7": "9.1.7",
    "npm:monaco-editor-core@~0.52.2": "0.52.2",
    "npm:prettier@^3.5.3": "3.6.2",
    "npm:prettier@^3.6.2": "3.6.2",
    "npm:superjson@^2.2.2": "2.2.2",
    "npm:tailwind-merge@^3.0.2": "3.3.1",
    "npm:turbo@^2.4.4": "2.5.6",
    "npm:typescript@5": "5.8.2",
    "npm:typescript@5.8.2": "5.8.2",
    "npm:typescript@^5.9.2": "5.9.3",
    "npm:typescript@~5.6.2": "5.6.3",
    "npm:typescript@~5.8.3": "5.8.3"
  },
  "jsr": {
    "@std/assert@1.0.14": {
      "integrity": "68d0d4a43b365abc927f45a9b85c639ea18a9fab96ad92281e493e4ed84abaa4",
      "dependencies": [
        "jsr:@std/internal"
      ]
    },
    "@std/internal@1.0.10": {
      "integrity": "e3be62ce42cab0e177c27698e5d9800122f67b766a0bea6ca4867886cbde8cf7"
    }
  },
  "npm": {
    "@fontsource/fira-mono@5.2.6": {
      "integrity": "sha512-6pyiGeFH+5DP5sICSwx5wu+9BlTEMTKki7bTppsEqXJysi1MiK82n6oSUaYkQWRLH51+DK7zv2JJsi82cOIS3g=="
    },
    "@tauri-apps/api@2.8.0": {
      "integrity": "sha512-ga7zdhbS2GXOMTIZRT0mYjKJtR9fivsXzsyq5U3vjDL0s6DTMwYRm0UHNjzTY5dh4+LSC68Sm/7WEiimbQNYlw=="
    },
    "@tauri-apps/cli-darwin-arm64@2.8.1": {
      "integrity": "sha512-301XWcDozcvJ79uMRquSvgI4vvAxetFs+reMpBI1U5mSWixjUqxZjxs9UDJAtE+GFXdGYTjSLUxCKe5WBDKZ/A==",
      "os": ["darwin"],
      "cpu": ["arm64"]
    },
    "@tauri-apps/cli-darwin-x64@2.8.1": {
      "integrity": "sha512-fJpOD/jWNy3sn27mjPGexBxGPTCgoCu29C+7qBV8kKJQGrRB4/zJk2zMqcKMjV/1Dma47n+saQWXLFwGpRUHgQ==",
      "os": ["darwin"],
      "cpu": ["x64"]
    },
    "@tauri-apps/cli-linux-arm-gnueabihf@2.8.1": {
      "integrity": "sha512-BcrZiInB3xjdV/Q2yv88aAz4Ajrxomd1+oePUO8ZWVpdhFwMZaAAOMbpPVgrlanGBeSzU7Aim9i1Opz/+JYiDA==",
      "os": ["linux"],
      "cpu": ["arm"]
    },
    "@tauri-apps/cli-linux-arm64-gnu@2.8.1": {
      "integrity": "sha512-uZXaQrcdk55h4qWSe3pngg6LMUwVUIoluxXG/cmKHeq8LddlUdKpj3OaSPahLWip1Ol6hq14ysvywzsrdhM4kA==",
      "os": ["linux"],
      "cpu": ["arm64"]
    },
    "@tauri-apps/cli-linux-arm64-musl@2.8.1": {
      "integrity": "sha512-VK/zwBzQY9SfyK7RSrxlIRQLJyhyssoByYWPK/FJMre8SV/y8zZ071cTQNG9dPWM1f+onI1WPTleG+TBUq/0Gw==",
      "os": ["linux"],
      "cpu": ["arm64"]
    },
    "@tauri-apps/cli-linux-riscv64-gnu@2.8.1": {
      "integrity": "sha512-bFw3zK6xkyurDR5kw2QgiU6YFlFNrfgtli3wRdTRv8zSVLZMQ2iZ8keYnd57vpvsbZ9PusFPYAMS7Fkzkf9I4g==",
      "os": ["linux"],
      "cpu": ["riscv64"]
    },
    "@tauri-apps/cli-linux-x64-gnu@2.8.1": {
      "integrity": "sha512-zOnFX+Rppuz0UVVSeCi67lMet8le+yT4UIiQ6t/QYGtpoWO/D4GpMoVYehJlR14klNXrC2CRxT9b3BUWTCEBwA==",
      "os": ["linux"],
      "cpu": ["x64"]
    },
    "@tauri-apps/cli-linux-x64-musl@2.8.1": {
      "integrity": "sha512-gLy6eisaeOTC6NQirs3a0XZNCVT/i7JPYHkXx6ArH6+Kb9IU8ogthTY4MQoYbkWmdOp3ijKX+RT1dD3IZURrEg==",
      "os": ["linux"],
      "cpu": ["x64"]
    },
    "@tauri-apps/cli-win32-arm64-msvc@2.8.1": {
      "integrity": "sha512-ciZ93Dm847zFDqRyc1e0YRiu/cdWne1bMhvifcZOibbyqSKB9o+b95Y5axMtXqR4Wsd2mHiC5TE+MVF3NDsdEw==",
      "os": ["win32"],
      "cpu": ["arm64"]
    },
    "@tauri-apps/cli-win32-ia32-msvc@2.8.1": {
      "integrity": "sha512-uWUa503Pw53XidUvcqWOvVsBY7vpQs+ZlTyQgXSnPuTiMF1l5bFEzqoHMvZfIL3MFG13xCAqVK1bR7lFB/6qMQ==",
      "os": ["win32"],
      "cpu": ["ia32"]
    },
    "@tauri-apps/cli-win32-x64-msvc@2.8.1": {
      "integrity": "sha512-KmiT0vI7FMBWfk5YDQg7+WcjzuMdeaHOQ7H0podZ7lyJg2qo2DpbGp8y+fMVCRsmvQx5bW6Cyh1ArfO1kkUInA==",
      "os": ["win32"],
      "cpu": ["x64"]
    },
    "@tauri-apps/cli@2.8.1": {
      "integrity": "sha512-ONVAfI7PFUO6MdSq9dh2YwlIb1cAezrzqrWw2+TChVskoqzDyyzncU7yXlcph/H/nR/kNDEY3E1pC8aV3TVCNQ==",
      "optionalDependencies": [
        "@tauri-apps/cli-darwin-arm64",
        "@tauri-apps/cli-darwin-x64",
        "@tauri-apps/cli-linux-arm-gnueabihf",
        "@tauri-apps/cli-linux-arm64-gnu",
        "@tauri-apps/cli-linux-arm64-musl",
        "@tauri-apps/cli-linux-riscv64-gnu",
        "@tauri-apps/cli-linux-x64-gnu",
        "@tauri-apps/cli-linux-x64-musl",
        "@tauri-apps/cli-win32-arm64-msvc",
        "@tauri-apps/cli-win32-ia32-msvc",
        "@tauri-apps/cli-win32-x64-msvc"
      ],
      "bin": true
    },
    "@tauri-apps/plugin-dialog@2.3.3": {
      "integrity": "sha512-cWXB9QJDbLIA0v7I5QY183awazBEQNPhp19iPvrMZoJRX8SbFkhWFx1/q7zy7xGpXXzxz29qtq6z21Ho7W5Iew==",
      "dependencies": [
        "@tauri-apps/api"
      ]
    },
    "@tauri-apps/plugin-opener@2.5.0": {
      "integrity": "sha512-B0LShOYae4CZjN8leiNDbnfjSrTwoZakqKaWpfoH6nXiJwt6Rgj6RnVIffG3DoJiKsffRhMkjmBV9VeilSb4TA==",
      "dependencies": [
        "@tauri-apps/api"
      ]
    },
    "@tauri-apps/plugin-os@2.3.1": {
      "integrity": "sha512-ty5V8XDUIFbSnrk3zsFoP3kzN+vAufYzalJSlmrVhQTImIZa1aL1a03bOaP2vuBvfR+WDRC6NgV2xBl8G07d+w==",
      "dependencies": [
        "@tauri-apps/api"
      ]
    },
    "@tauri-apps/plugin-shell@2.3.0": {
      "integrity": "sha512-6GIRxO2z64uxPX4CCTuhQzefvCC0ew7HjdBhMALiGw74vFBDY95VWueAHOHgNOMV4UOUAFupyidN9YulTe5xlA==",
      "dependencies": [
        "@tauri-apps/api"
      ]
    },
    "@types/chrome@0.1.4": {
      "integrity": "sha512-vfISO7SPppN3OKVUqWujtZ4vux3nhDqKaHYEHgfQuPARHuWJ3jjyc1s13H0ckzEc86/neTkCl1TeW72UK6jYKA==",
      "dependencies": [
        "@types/filesystem",
        "@types/har-format"
      ]
    },
    "@types/filesystem@0.0.36": {
      "integrity": "sha512-vPDXOZuannb9FZdxgHnqSwAG/jvdGM8Wq+6N4D/d80z+D4HWH+bItqsZaVRQykAn6WEVeEkLm2oQigyHtgb0RA==",
      "dependencies": [
        "@types/filewriter"
      ]
    },
    "@types/filewriter@0.0.33": {
      "integrity": "sha512-xFU8ZXTw4gd358lb2jw25nxY9QAgqn2+bKKjKOYfNCzN4DKCFetK7sPtrlpg66Ywe3vWY9FNxprZawAh9wfJ3g=="
    },
    "@types/har-format@1.2.16": {
      "integrity": "sha512-fluxdy7ryD3MV6h8pTfTYpy/xQzCFC7m89nOH9y94cNqJ1mDIDPut7MnRHI3F6qRmh/cT2fUjG1MLdCNb4hE9A=="
    },
    "copy-anything@3.0.5": {
      "integrity": "sha512-yCEafptTtb4bk7GLEQoM8KVJpxAfdBJYaXyzQEgQQQgYrZiDp8SJmGKlYza6CYjEDNstAdNdKA3UuoULlEbS6w==",
      "dependencies": [
        "is-what"
      ]
    },
    "hono@4.9.4": {
      "integrity": "sha512-61hl6MF6ojTl/8QSRu5ran6GXt+6zsngIUN95KzF5v5UjiX/xnrLR358BNRawwIRO49JwUqJqQe3Rb2v559R8Q=="
    },
    "husky@9.1.7": {
      "integrity": "sha512-5gs5ytaNjBrh5Ow3zrvdUUY+0VxIuWVL4i9irt6friV+BqdCfmV11CQTWMiBYWHbXhco+J1kHfTOUkePhCDvMA==",
      "bin": true
    },
    "is-what@4.1.16": {
      "integrity": "sha512-ZhMwEosbFJkA0YhFnNDgTM4ZxDRsS6HqTo7qsZM08fehyRYIYa0yHu5R6mgo1n/8MgaPBXiPimPD77baVFYg+A=="
    },
    "monaco-editor-core@0.52.2": {
      "integrity": "sha512-5TOyTUymNx7jB24TGP4Qs5UEVrntDKSMzDUvW3ADaI1CFRO1t7FPhbT2u4m3iIKZf85zTM+mkCxiUSgj+v/YtA=="
    },
    "prettier@3.6.2": {
      "integrity": "sha512-I7AIg5boAr5R0FFtJ6rCfD+LFsWHp81dolrFD8S79U9tb8Az2nGrJncnMSnys+bpQJfRUzqs9hnA81OAA3hCuQ==",
      "bin": true
    },
    "superjson@2.2.2": {
      "integrity": "sha512-5JRxVqC8I8NuOUjzBbvVJAKNM8qoVuH0O77h4WInc/qC2q5IreqKxYwgkga3PfA22OayK2ikceb/B26dztPl+Q==",
      "dependencies": [
        "copy-anything"
      ]
    },
    "tailwind-merge@3.3.1": {
      "integrity": "sha512-gBXpgUm/3rp1lMZZrM/w7D8GKqshif0zAymAhbCyIt8KMe+0v9DQ7cdYLR4FHH/cKpdTXb+A/tKKU3eolfsI+g=="
    },
    "turbo-darwin-64@2.5.6": {
      "integrity": "sha512-3C1xEdo4aFwMJAPvtlPqz1Sw/+cddWIOmsalHFMrsqqydcptwBfu26WW2cDm3u93bUzMbBJ8k3zNKFqxJ9ei2A==",
      "os": ["darwin"],
      "cpu": ["x64"]
    },
    "turbo-darwin-arm64@2.5.6": {
      "integrity": "sha512-LyiG+rD7JhMfYwLqB6k3LZQtYn8CQQUePbpA8mF/hMLPAekXdJo1g0bUPw8RZLwQXUIU/3BU7tXENvhSGz5DPA==",
      "os": ["darwin"],
      "cpu": ["arm64"]
    },
    "turbo-linux-64@2.5.6": {
      "integrity": "sha512-GOcUTT0xiT/pSnHL4YD6Yr3HreUhU8pUcGqcI2ksIF9b2/r/kRHwGFcsHgpG3+vtZF/kwsP0MV8FTlTObxsYIA==",
      "os": ["linux"],
      "cpu": ["x64"]
    },
    "turbo-linux-arm64@2.5.6": {
      "integrity": "sha512-10Tm15bruJEA3m0V7iZcnQBpObGBcOgUcO+sY7/2vk1bweW34LMhkWi8svjV9iDF68+KJDThnYDlYE/bc7/zzQ==",
      "os": ["linux"],
      "cpu": ["arm64"]
    },
    "turbo-windows-64@2.5.6": {
      "integrity": "sha512-FyRsVpgaj76It0ludwZsNN40ytHN+17E4PFJyeliBEbxrGTc5BexlXVpufB7XlAaoaZVxbS6KT8RofLfDRyEPg==",
      "os": ["win32"],
      "cpu": ["x64"]
    },
    "turbo-windows-arm64@2.5.6": {
      "integrity": "sha512-j/tWu8cMeQ7HPpKri6jvKtyXg9K1gRyhdK4tKrrchH8GNHscPX/F71zax58yYtLRWTiK04zNzPcUJuoS0+v/+Q==",
      "os": ["win32"],
      "cpu": ["arm64"]
    },
    "turbo@2.5.6": {
      "integrity": "sha512-gxToHmi9oTBNB05UjUsrWf0OyN5ZXtD0apOarC1KIx232Vp3WimRNy3810QzeNSgyD5rsaIDXlxlbnOzlouo+w==",
      "optionalDependencies": [
        "turbo-darwin-64",
        "turbo-darwin-arm64",
        "turbo-linux-64",
        "turbo-linux-arm64",
        "turbo-windows-64",
        "turbo-windows-arm64"
      ],
      "bin": true
    },
    "typescript@5.6.3": {
      "integrity": "sha512-hjcS1mhfuyi4WW8IWtjP7brDrG2cuDZukyrYrSauoXGNgx0S7zceP07adYkJycEr56BOUTNPzbInooiN3fn1qw==",
      "bin": true
    },
    "typescript@5.8.2": {
      "integrity": "sha512-aJn6wq13/afZp/jT9QZmwEjDqqvSGp1VT5GVg+f/t6/oVyrgXM6BY1h9BRh/O5p3PlUPAe+WuiEZOmb/49RqoQ==",
      "bin": true
    },
    "typescript@5.8.3": {
      "integrity": "sha512-p1diW6TqL9L07nNxvRMM7hMMw4c5XOo/1ibL4aAIGmSAt9slTE1Xgw5KWuof2uTOvCg9BY7ZRi+GaF+7sfgPeQ==",
      "bin": true
    },
    "typescript@5.9.3": {
      "integrity": "sha512-jl1vZzPDinLr9eUt3J/t7V6FgNEw9QjvBPdysz9KfQDD41fQrC2Y4vKQdiaUpFT4bXlb1RHhLpp8wtm6M5TgSw==",
      "bin": true
    }
  },
  "workspace": {
    "packageJson": {
      "dependencies": [
        "npm:@changesets/cli@^2.28.1",
        "npm:@ianvs/prettier-plugin-sort-imports@^4.4.1",
        "npm:@types/bun@latest",
        "npm:husky@^9.1.7",
        "npm:prettier-plugin-svelte@^3.3.3",
        "npm:prettier-plugin-tailwindcss@~0.6.11",
        "npm:prettier@^3.5.3",
        "npm:turbo@^2.4.4",
        "npm:typescript@5.8.2"
      ]
    },
    "members": {
      "docs": {
        "packageJson": {
          "dependencies": [
            "npm:@astrojs/check@~0.9.6",
            "npm:@astrojs/starlight@~0.37.3",
            "npm:astro@^5.16.11",
            "npm:sharp@~0.32.5",
            "npm:starlight-llms-txt@0.7",
            "npm:typescript@^5.6.3"
          ]
        }
      },
      "examples/chrome-extension": {
        "packageJson": {
          "dependencies": [
            "npm:@crxjs/vite-plugin@^2.0.3",
            "npm:@types/chrome@~0.1.1",
            "npm:@types/node@^24.0.15",
            "npm:@types/react-dom@^19.1.6",
            "npm:@types/react@^19.1.8",
            "npm:@vitejs/plugin-react@^4.7.0",
            "npm:react-dom@^19.1.0",
            "npm:react@^19.1.0",
            "npm:typescript@~5.8.3",
            "npm:vite-plugin-zip-pack@^1.2.4",
            "npm:vite@^7.0.5"
          ]
        }
      },
      "examples/electron-demo": {
        "packageJson": {
          "dependencies": [
            "npm:@types/react-dom@^18.2.21",
            "npm:@types/react@^18.2.64",
            "npm:@typescript-eslint/eslint-plugin@^7.1.1",
            "npm:@typescript-eslint/parser@^7.1.1",
            "npm:@vitejs/plugin-react@^4.2.1",
            "npm:electron-builder@^26.7.0",
            "npm:electron@^40.1.0",
            "npm:eslint-plugin-react-hooks@^4.6.0",
            "npm:eslint-plugin-react-refresh@~0.4.5",
            "npm:eslint@^8.57.0",
            "npm:react-dom@^18.2.0",
            "npm:react@^18.2.0",
            "npm:typescript@^5.2.2",
            "npm:vite-plugin-electron-renderer@~0.14.5",
            "npm:vite-plugin-electron@0.29",
            "npm:vite@^5.1.6"
          ]
        }
      },
      "examples/http-demo": {
        "packageJson": {
          "dependencies": [
            "npm:@types/bun@latest",
            "npm:@types/express@5",
            "npm:express@^4.21.1",
            "npm:fastify@^5.1.0",
            "npm:hono@^4.6.10"
          ]
        }
      },
      "examples/iframe-worker-demo": {
        "packageJson": {
          "dependencies": [
            "npm:@fontsource/fira-mono@5",
            "npm:@iconify/svelte@^4.0.2",
            "npm:@neoconfetti/svelte@2",
            "npm:@playwright/test@^1.45.3",
            "npm:@sveltejs/adapter-auto@3",
            "npm:@sveltejs/kit@2",
            "npm:@sveltejs/vite-plugin-svelte@4",
            "npm:autoprefixer@^10.4.20",
            "npm:daisyui@^4.12.14",
            "npm:svelte-check@4",
            "npm:svelte-sonner@~0.3.28",
            "npm:svelte@5",
            "npm:tailwindcss@^3.4.9",
            "npm:typescript@5",
            "npm:vite@^5.0.3",
            "npm:vitest@^2.1.9"
          ]
        }
      },
      "examples/tauri-demo": {
        "packageJson": {
          "dependencies": [
            "npm:@kksh/svelte5@~0.1.16",
            "npm:@lucide/svelte@0.482",
            "npm:@shikijs/monaco@^3.2.1",
            "npm:@sveltejs/adapter-static@^3.0.6",
            "npm:@sveltejs/kit@^2.8.1",
            "npm:@sveltejs/vite-plugin-svelte@^4.0.1",
            "npm:@tauri-apps/api@2",
            "npm:@tauri-apps/cli@2",
            "npm:@tauri-apps/plugin-dialog@^2.2.0",
            "npm:@tauri-apps/plugin-opener@2",
            "npm:@tauri-apps/plugin-os@^2.2.1",
            "npm:@tauri-apps/plugin-shell@^2.2.0",
            "npm:@types/bun@^1.2.5",
            "npm:@yao-pkg/pkg@6.3.2",
            "npm:autoprefixer@^10.4.20",
            "npm:clsx@^2.1.1",
            "npm:formsnap@2",
            "npm:mode-watcher@~0.5.1",
            "npm:monaco-editor-core@~0.52.2",
            "npm:runed@~0.24.1",
            "npm:shiki-magic-move@^1.1.0",
            "npm:shiki@^3.2.1",
            "npm:svelte-check@4",
            "npm:svelte-inspect-value@0.5",
            "npm:svelte-sonner@~0.3.28",
            "npm:svelte@^5.23.1",
            "npm:tailwind-merge@^3.0.2",
            "npm:tailwind-variants@1",
            "npm:tailwindcss-animate@^1.0.7",
            "npm:tailwindcss@^3.4.17",
            "npm:typescript@~5.6.2",
            "npm:vite@^5.4.11"
          ]
        }
      },
      "examples/transferable-browser": {
        "packageJson": {
          "dependencies": [
            "npm:@playwright/test@^1.55.1",
            "npm:@sveltejs/adapter-auto@^6.1.0",
            "npm:@sveltejs/kit@^2.43.2",
            "npm:@sveltejs/vite-plugin-svelte@^6.2.0",
            "npm:@tailwindcss/vite@^4.1.13",
            "npm:@vitest/browser@^3.2.4",
            "npm:playwright@^1.55.1",
            "npm:prettier-plugin-svelte@^3.4.0",
            "npm:prettier-plugin-tailwindcss@~0.6.14",
            "npm:prettier@^3.6.2",
            "npm:svelte-check@^4.3.2",
            "npm:svelte@^5.39.5",
            "npm:tailwindcss@^4.1.13",
            "npm:typescript@^5.9.2",
            "npm:vite-plugin-devtools-json@1",
            "npm:vite@^7.1.7",
            "npm:vitest-browser-svelte@^1.1.0",
            "npm:vitest@^3.2.4"
          ]
        }
      },
      "packages/demo-api": {
        "packageJson": {
          "dependencies": [
            "npm:@types/bun@latest"
          ]
        }
      },
      "packages/kkrpc": {
        "dependencies": [
          "jsr:@std/assert@1"
        ],
        "packageJson": {
          "dependencies": [
            "npm:@nats-io/transport-node@^3.3.0",
            "npm:@tauri-apps/plugin-shell@^2.2.0",
            "npm:@types/amqplib@~0.10.8",
            "npm:@types/bun@^1.2.20",
            "npm:@types/chrome@~0.1.4",
            "npm:@types/node@^24.3.0",
            "npm:@types/ws@^8.18.0",
            "npm:amqplib@~0.10.9",
            "npm:ioredis@^5.8.2",
            "npm:kafkajs@^2.2.4",
            "npm:socket.io-client@^4.8.1",
            "npm:socket.io@^4.8.1",
            "npm:superjson@^2.2.2",
            "npm:tsdown@~0.15.9",
            "npm:tslib@^2.8.1",
            "npm:typedoc@~0.28.10",
            "npm:verify-package-export@^0.0.3",
            "npm:ws@^8.18.1"
          ]
        }
      },
      "packages/slidev": {
        "packageJson": {
          "dependencies": [
            "npm:@iconify-json/carbon@^1.2.18",
            "npm:@iconify-json/devicon@^1.2.57",
            "npm:@iconify-json/logos@^1.2.10",
            "npm:@iconify-json/simple-icons@^1.2.69",
            "npm:@iconify-json/skill-icons@^1.2.3",
            "npm:@iconify-json/streamline-ultimate-color@^1.2.2",
            "npm:@slidev/cli@^52.11.5",
            "npm:@slidev/theme-default@latest",
            "npm:@slidev/theme-seriph@latest",
            "npm:vue@^3.5.27"
          ]
        }
      }
    }
  }
}
